// !$*UTF8*$!
{
	archiveVersion = 1;
	classes = {
	};
	objectVersion = 50;
	objects = {

/* Begin PBXBuildFile section */
		04743DF62555441500ADCDE4 /* AppDelegate.swift in Sources */ = {isa = PBXBuildFile; fileRef = 04743DF52555441500ADCDE4 /* AppDelegate.swift */; };
		04743DF82555441500ADCDE4 /* SceneDelegate.swift in Sources */ = {isa = PBXBuildFile; fileRef = 04743DF72555441500ADCDE4 /* SceneDelegate.swift */; };
		04743DFA2555441500ADCDE4 /* ViewController.swift in Sources */ = {isa = PBXBuildFile; fileRef = 04743DF92555441500ADCDE4 /* ViewController.swift */; };
		04743DFD2555441500ADCDE4 /* Main.storyboard in Resources */ = {isa = PBXBuildFile; fileRef = 04743DFB2555441500ADCDE4 /* Main.storyboard */; };
		04743DFF2555441A00ADCDE4 /* Assets.xcassets in Resources */ = {isa = PBXBuildFile; fileRef = 04743DFE2555441A00ADCDE4 /* Assets.xcassets */; };
		04743E022555441A00ADCDE4 /* LaunchScreen.storyboard in Resources */ = {isa = PBXBuildFile; fileRef = 04743E002555441A00ADCDE4 /* LaunchScreen.storyboard */; };
		04743E0C2555453600ADCDE4 /* TableViewCell.swift in Sources */ = {isa = PBXBuildFile; fileRef = 04743E0A2555453600ADCDE4 /* TableViewCell.swift */; };
		04743E0D2555453600ADCDE4 /* TableViewCell.xib in Resources */ = {isa = PBXBuildFile; fileRef = 04743E0B2555453600ADCDE4 /* TableViewCell.xib */; };
		04743E142555481E00ADCDE4 /* Holiday.swift in Sources */ = {isa = PBXBuildFile; fileRef = 04743E132555481E00ADCDE4 /* Holiday.swift */; };
		04743E18255549BD00ADCDE4 /* HolidayRequest.swift in Sources */ = {isa = PBXBuildFile; fileRef = 04743E17255549BD00ADCDE4 /* HolidayRequest.swift */; };
/* End PBXBuildFile section */

/* Begin PBXFileReference section */
		04743DF22555441500ADCDE4 /* calenderific API.app */ = {isa = PBXFileReference; explicitFileType = wrapper.application; includeInIndex = 0; path = "calenderific API.app"; sourceTree = BUILT_PRODUCTS_DIR; };
		04743DF52555441500ADCDE4 /* AppDelegate.swift */ = {isa = PBXFileReference; lastKnownFileType = sourcecode.swift; path = AppDelegate.swift; sourceTree = "<group>"; };
		04743DF72555441500ADCDE4 /* SceneDelegate.swift */ = {isa = PBXFileReference; lastKnownFileType = sourcecode.swift; path = SceneDelegate.swift; sourceTree = "<group>"; };
		04743DF92555441500ADCDE4 /* ViewController.swift */ = {isa = PBXFileReference; lastKnownFileType = sourcecode.swift; path = ViewController.swift; sourceTree = "<group>"; };
		04743DFC2555441500ADCDE4 /* Base */ = {isa = PBXFileReference; lastKnownFileType = file.storyboard; name = Base; path = Base.lproj/Main.storyboard; sourceTree = "<group>"; };
		04743DFE2555441A00ADCDE4 /* Assets.xcassets */ = {isa = PBXFileReference; lastKnownFileType = folder.assetcatalog; path = Assets.xcassets; sourceTree = "<group>"; };
		04743E012555441A00ADCDE4 /* Base */ = {isa = PBXFileReference; lastKnownFileType = file.storyboard; name = Base; path = Base.lproj/LaunchScreen.storyboard; sourceTree = "<group>"; };
		04743E032555441A00ADCDE4 /* Info.plist */ = {isa = PBXFileReference; lastKnownFileType = text.plist.xml; path = Info.plist; sourceTree = "<group>"; };
		04743E0A2555453600ADCDE4 /* TableViewCell.swift */ = {isa = PBXFileReference; lastKnownFileType = sourcecode.swift; path = TableViewCell.swift; sourceTree = "<group>"; };
		04743E0B2555453600ADCDE4 /* TableViewCell.xib */ = {isa = PBXFileReference; lastKnownFileType = file.xib; path = TableViewCell.xib; sourceTree = "<group>"; };
		04743E132555481E00ADCDE4 /* Holiday.swift */ = {isa = PBXFileReference; lastKnownFileType = sourcecode.swift; path = Holiday.swift; sourceTree = "<group>"; };
		04743E17255549BD00ADCDE4 /* HolidayRequest.swift */ = {isa = PBXFileReference; lastKnownFileType = sourcecode.swift; path = HolidayRequest.swift; sourceTree = "<group>"; };
/* End PBXFileReference section */

/* Begin PBXFrameworksBuildPhase section */
		04743DEF2555441500ADCDE4 /* Frameworks */ = {
			isa = PBXFrameworksBuildPhase;
			buildActionMask = 2147483647;
			files = (
			);
			runOnlyForDeploymentPostprocessing = 0;
		};
/* End PBXFrameworksBuildPhase section */

/* Begin PBXGroup section */
		04743DE92555441500ADCDE4 = {
			isa = PBXGroup;
			children = (
				04743DF42555441500ADCDE4 /* calenderific API */,
				04743DF32555441500ADCDE4 /* Products */,
			);
			sourceTree = "<group>";
		};
		04743DF32555441500ADCDE4 /* Products */ = {
			isa = PBXGroup;
			children = (
				04743DF22555441500ADCDE4 /* calenderific API.app */,
			);
			name = Products;
			sourceTree = "<group>";
		};
		04743DF42555441500ADCDE4 /* calenderific API */ = {
			isa = PBXGroup;
			children = (
				04743DF52555441500ADCDE4 /* AppDelegate.swift */,
				04743DF72555441500ADCDE4 /* SceneDelegate.swift */,
				04743DF92555441500ADCDE4 /* ViewController.swift */,
				04743E132555481E00ADCDE4 /* Holiday.swift */,
				04743E17255549BD00ADCDE4 /* HolidayRequest.swift */,
				04743DFB2555441500ADCDE4 /* Main.storyboard */,
				04743E0A2555453600ADCDE4 /* TableViewCell.swift */,
				04743E0B2555453600ADCDE4 /* TableViewCell.xib */,
				04743DFE2555441A00ADCDE4 /* Assets.xcassets */,
				04743E002555441A00ADCDE4 /* LaunchScreen.storyboard */,
				04743E032555441A00ADCDE4 /* Info.plist */,
			);
			path = "calenderific API";
			sourceTree = "<group>";
		};
/* End PBXGroup section */

/* Begin PBXNativeTarget section */
		04743DF12555441500ADCDE4 /* calenderific API */ = {
			isa = PBXNativeTarget;
			buildConfigurationList = 04743E062555441A00ADCDE4 /* Build configuration list for PBXNativeTarget "calenderific API" */;
			buildPhases = (
				04743DEE2555441500ADCDE4 /* Sources */,
				04743DEF2555441500ADCDE4 /* Frameworks */,
				04743DF02555441500ADCDE4 /* Resources */,
			);
			buildRules = (
			);
			dependencies = (
			);
			name = "calenderific API";
			productName = "calenderific API";
			productReference = 04743DF22555441500ADCDE4 /* calenderific API.app */;
			productType = "com.apple.product-type.application";
		};
/* End PBXNativeTarget section */

/* Begin PBXProject section */
		04743DEA2555441500ADCDE4 /* Project object */ = {
			isa = PBXProject;
			attributes = {
				LastSwiftUpdateCheck = 1210;
				LastUpgradeCheck = 1210;
				TargetAttributes = {
					04743DF12555441500ADCDE4 = {
						CreatedOnToolsVersion = 12.1;
					};
				};
			};
			buildConfigurationList = 04743DED2555441500ADCDE4 /* Build configuration list for PBXProject "calenderific API" */;
			compatibilityVersion = "Xcode 9.3";
			developmentRegion = en;
			hasScannedForEncodings = 0;
			knownRegions = (
				en,
				Base,
			);
			mainGroup = 04743DE92555441500ADCDE4;
			productRefGroup = 04743DF32555441500ADCDE4 /* Products */;
			projectDirPath = "";
			projectRoot = "";
			targets = (
				04743DF12555441500ADCDE4 /* calenderific API */,
			);
		};
/* End PBXProject section */

/* Begin PBXResourcesBuildPhase section */
		04743DF02555441500ADCDE4 /* Resources */ = {
			isa = PBXResourcesBuildPhase;
			buildActionMask = 2147483647;
			files = (
				04743E022555441A00ADCDE4 /* LaunchScreen.storyboard in Resources */,
				04743E0D2555453600ADCDE4 /* TableViewCell.xib in Resources */,
				04743DFF2555441A00ADCDE4 /* Assets.xcassets in Resources */,
				04743DFD2555441500ADCDE4 /* Main.storyboard in Resources */,
			);
			runOnlyForDeploymentPostprocessing = 0;
		};
/* End PBXResourcesBuildPhase section */

/* Begin PBXSourcesBuildPhase section */
		04743DEE2555441500ADCDE4 /* Sources */ = {
			isa = PBXSourcesBuildPhase;
			buildActionMask = 2147483647;
			files = (
				04743E18255549BD00ADCDE4 /* HolidayRequest.swift in Sources */,
				04743DFA2555441500ADCDE4 /* ViewController.swift in Sources */,
				04743E142555481E00ADCDE4 /* Holiday.swift in Sources */,
				04743E0C2555453600ADCDE4 /* TableViewCell.swift in Sources */,
				04743DF62555441500ADCDE4 /* AppDelegate.swift in Sources */,
				04743DF82555441500ADCDE4 /* SceneDelegate.swift in Sources */,
			);
			runOnlyForDeploymentPostprocessing = 0;
		};
/* End PBXSourcesBuildPhase section */

/* Begin PBXVariantGroup section */
		04743DFB2555441500ADCDE4 /* Main.storyboard */ = {
			isa = PBXVariantGroup;
			children = (
				04743DFC2555441500ADCDE4 /* Base */,
			);
			name = Main.storyboard;
			sourceTree = "<group>";
		};
		04743E002555441A00ADCDE4 /* LaunchScreen.storyboard */ = {
			isa = PBXVariantGroup;
			children = (
				04743E012555441A00ADCDE4 /* Base */,
			);
			name = LaunchScreen.storyboard;
			sourceTree = "<group>";
		};
/* End PBXVariantGroup section */

/* Begin XCBuildConfiguration section */
		04743E042555441A00ADCDE4 /* Debug */ = {
			isa = XCBuildConfiguration;
			buildSettings = {
				ALWAYS_SEARCH_USER_PATHS = NO;
				CLANG_ANALYZER_NONNULL = YES;
				CLANG_ANALYZER_NUMBER_OBJECT_CONVERSION = YES_AGGRESSIVE;
				CLANG_CXX_LANGUAGE_STANDARD = "gnu++14";
				CLANG_CXX_LIBRARY = "libc++";
				CLANG_ENABLE_MODULES = YES;
				CLANG_ENABLE_OBJC_ARC = YES;
				CLANG_ENABLE_OBJC_WEAK = YES;
				CLANG_WARN_BLOCK_CAPTURE_AUTORELEASING = YES;
				CLANG_WARN_BOOL_CONVERSION = YES;
				CLANG_WARN_COMMA = YES;
				CLANG_WARN_CONSTANT_CONVERSION = YES;
				CLANG_WARN_DEPRECATED_OBJC_IMPLEMENTATIONS = YES;
				CLANG_WARN_DIRECT_OBJC_ISA_USAGE = YES_ERROR;
				CLANG_WARN_DOCUMENTATION_COMMENTS = YES;
				CLANG_WARN_EMPTY_BODY = YES;
				CLANG_WARN_ENUM_CONVERSION = YES;
				CLANG_WARN_INFINITE_RECURSION = YES;
				CLANG_WARN_INT_CONVERSION = YES;
				CLANG_WARN_NON_LITERAL_NULL_CONVERSION = YES;
				CLANG_WARN_OBJC_IMPLICIT_RETAIN_SELF = YES;
				CLANG_WARN_OBJC_LITERAL_CONVERSION = YES;
				CLANG_WARN_OBJC_ROOT_CLASS = YES_ERROR;
				CLANG_WARN_QUOTED_INCLUDE_IN_FRAMEWORK_HEADER = YES;
				CLANG_WARN_RANGE_LOOP_ANALYSIS = YES;
				CLANG_WARN_STRICT_PROTOTYPES = YES;
				CLANG_WARN_SUSPICIOUS_MOVE = YES;
				CLANG_WARN_UNGUARDED_AVAILABILITY = YES_AGGRESSIVE;
				CLANG_WARN_UNREACHABLE_CODE = YES;
				CLANG_WARN__DUPLICATE_METHOD_MATCH = YES;
				COPY_PHASE_STRIP = NO;
				DEBUG_INFORMATION_FORMAT = dwarf;
				ENABLE_STRICT_OBJC_MSGSEND = YES;
				ENABLE_TESTABILITY = YES;
				GCC_C_LANGUAGE_STANDARD = gnu11;
				GCC_DYNAMIC_NO_PIC = NO;
				GCC_NO_COMMON_BLOCKS = YES;
				GCC_OPTIMIZATION_LEVEL = 0;
				GCC_PREPROCESSOR_DEFINITIONS = (
					"DEBUG=1",
					"$(inherited)",
				);
				GCC_WARN_64_TO_32_BIT_CONVERSION = YES;
				GCC_WARN_ABOUT_RETURN_TYPE = YES_ERROR;
				GCC_WARN_UNDECLARED_SELECTOR = YES;
				GCC_WARN_UNINITIALIZED_AUTOS = YES_AGGRESSIVE;
				GCC_WARN_UNUSED_FUNCTION = YES;
				GCC_WARN_UNUSED_VARIABLE = YES;
				IPHONEOS_DEPLOYMENT_TARGET = 14.1;
				MTL_ENABLE_DEBUG_INFO = INCLUDE_SOURCE;
				MTL_FAST_MATH = YES;
				ONLY_ACTIVE_ARCH = YES;
				SDKROOT = iphoneos;
				SWIFT_ACTIVE_COMPILATION_CONDITIONS = DEBUG;
				SWIFT_OPTIMIZATION_LEVEL = "-Onone";
			};
			name = Debug;
		};
		04743E052555441A00ADCDE4 /* Release */ = {
			isa = XCBuildConfiguration;
			buildSettings = {
				ALWAYS_SEARCH_USER_PATHS = NO;
				CLANG_ANALYZER_NONNULL = YES;
				CLANG_ANALYZER_NUMBER_OBJECT_CONVERSION = YES_AGGRESSIVE;
				CLANG_CXX_LANGUAGE_STANDARD = "gnu++14";
				CLANG_CXX_LIBRARY = "libc++";
				CLANG_ENABLE_MODULES = YES;
				CLANG_ENABLE_OBJC_ARC = YES;
				CLANG_ENABLE_OBJC_WEAK = YES;
				CLANG_WARN_BLOCK_CAPTURE_AUTORELEASING = YES;
				CLANG_WARN_BOOL_CONVERSION = YES;
				CLANG_WARN_COMMA = YES;
				CLANG_WARN_CONSTANT_CONVERSION = YES;
				CLANG_WARN_DEPRECATED_OBJC_IMPLEMENTATIONS = YES;
				CLANG_WARN_DIRECT_OBJC_ISA_USAGE = YES_ERROR;
				CLANG_WARN_DOCUMENTATION_COMMENTS = YES;
				CLANG_WARN_EMPTY_BODY = YES;
				CLANG_WARN_ENUM_CONVERSION = YES;
				CLANG_WARN_INFINITE_RECURSION = YES;
				CLANG_WARN_INT_CONVERSION = YES;
				CLANG_WARN_NON_LITERAL_NULL_CONVERSION = YES;
				CLANG_WARN_OBJC_IMPLICIT_RETAIN_SELF = YES;
				CLANG_WARN_OBJC_LITERAL_CONVERSION = YES;
				CLANG_WARN_OBJC_ROOT_CLASS = YES_ERROR;
				CLANG_WARN_QUOTED_INCLUDE_IN_FRAMEWORK_HEADER = YES;
				CLANG_WARN_RANGE_LOOP_ANALYSIS = YES;
				CLANG_WARN_STRICT_PROTOTYPES = YES;
				CLANG_WARN_SUSPICIOUS_MOVE = YES;
				CLANG_WARN_UNGUARDED_AVAILABILITY = YES_AGGRESSIVE;
				CLANG_WARN_UNREACHABLE_CODE = YES;
				CLANG_WARN__DUPLICATE_METHOD_MATCH = YES;
				COPY_PHASE_STRIP = NO;
				DEBUG_INFORMATION_FORMAT = "dwarf-with-dsym";
				ENABLE_NS_ASSERTIONS = NO;
				ENABLE_STRICT_OBJC_MSGSEND = YES;
				GCC_C_LANGUAGE_STANDARD = gnu11;
				GCC_NO_COMMON_BLOCKS = YES;
				GCC_WARN_64_TO_32_BIT_CONVERSION = YES;
				GCC_WARN_ABOUT_RETURN_TYPE = YES_ERROR;
				GCC_WARN_UNDECLARED_SELECTOR = YES;
				GCC_WARN_UNINITIALIZED_AUTOS = YES_AGGRESSIVE;
				GCC_WARN_UNUSED_FUNCTION = YES;
				GCC_WARN_UNUSED_VARIABLE = YES;
				IPHONEOS_DEPLOYMENT_TARGET = 14.1;
				MTL_ENABLE_DEBUG_INFO = NO;
				MTL_FAST_MATH = YES;
				SDKROOT = iphoneos;
				SWIFT_COMPILATION_MODE = wholemodule;
				SWIFT_OPTIMIZATION_LEVEL = "-O";
				VALIDATE_PRODUCT = YES;
			};
			name = Release;
		};
		04743E072555441A00ADCDE4 /* Debug */ = {
			isa = XCBuildConfiguration;
			buildSettings = {
				ASSETCATALOG_COMPILER_APPICON_NAME = AppIcon;
				ASSETCATALOG_COMPILER_GLOBAL_ACCENT_COLOR_NAME = AccentColor;
				CODE_SIGN_STYLE = Automatic;
				DEVELOPMENT_TEAM = 56XQB6H3G7;
				INFOPLIST_FILE = "calenderific API/Info.plist";
				LD_RUNPATH_SEARCH_PATHS = (
					"$(inherited)",
					"@executable_path/Frameworks",
				);
				PRODUCT_BUNDLE_IDENTIFIER = "Mayur.calenderific-API";
				PRODUCT_NAME = "$(TARGET_NAME)";
				SWIFT_VERSION = 5.0;
				TARGETED_DEVICE_FAMILY = "1,2";
			};
			name = Debug;
		};
		04743E082555441A00ADCDE4 /* Release */ = {
			isa = XCBuildConfiguration;
			buildSettings = {
				ASSETCATALOG_COMPILER_APPICON_NAME = AppIcon;
				ASSETCATALOG_COMPILER_GLOBAL_ACCENT_COLOR_NAME = AccentColor;
				CODE_SIGN_STYLE = Automatic;
				DEVELOPMENT_TEAM = 56XQB6H3G7;
				INFOPLIST_FILE = "calenderific API/Info.plist";
				LD_RUNPATH_SEARCH_PATHS = (
					"$(inherited)",
					"@executable_path/Frameworks",
				);
				PRODUCT_BUNDLE_IDENTIFIER = "Mayur.calenderific-API";
				PRODUCT_NAME = "$(TARGET_NAME)";
				SWIFT_VERSION = 5.0;
				TARGETED_DEVICE_FAMILY = "1,2";
			};
			name = Release;
		};
/* End XCBuildConfiguration section */

/* Begin XCConfigurationList section */
		04743DED2555441500ADCDE4 /* Build configuration list for PBXProject "calenderific API" */ = {
			isa = XCConfigurationList;
			buildConfigurations = (
				04743E042555441A00ADCDE4 /* Debug */,
				04743E052555441A00ADCDE4 /* Release */,
			);
			defaultConfigurationIsVisible = 0;
			defaultConfigurationName = Release;
		};
		04743E062555441A00ADCDE4 /* Build configuration list for PBXNativeTarget "calenderific API" */ = {
			isa = XCConfigurationList;
			buildConfigurations = (
				04743E072555441A00ADCDE4 /* Debug */,
				04743E082555441A00ADCDE4 /* Release */,
			);
			defaultConfigurationIsVisible = 0;
			defaultConfigurationName = Release;
		};
/* End XCConfigurationList section */
	};
	rootObject = 04743DEA2555441500ADCDE4 /* Project object */;
}
